
Microsoft Visual Studio Solution File, Format Version 12.00
# Visual Studio Version 17
VisualStudioVersion = 17.0.31903.59
MinimumVisualStudioVersion = 10.0.40219.1
Project("{2150E333-8FDC-42A3-9474-1A3956D46DE8}") = "src", "src", "{A721C222-ABBE-4E21-BAB9-EC07D8258461}"
EndProject
Project("{FAE04EC0-301F-11D3-BF4B-00C04F79EFBC}") = "AuctionService", "src\AuctionService\AuctionService.csproj", "{C03A5832-A7F2-4FF9-AA9D-9F8F8693CC1C}"
EndProject
Project("{FAE04EC0-301F-11D3-BF4B-00C04F79EFBC}") = "SearchService", "src\SearchService\SearchService.csproj", "{3155E195-16AD-4F69-BB04-5939A3741CD2}"
EndProject
Project("{FAE04EC0-301F-11D3-BF4B-00C04F79EFBC}") = "Contracts", "src\Contracts\Contracts.csproj", "{F84CE83E-22B9-4612-AE0D-A6EDB923B82F}"
EndProject
Global
	GlobalSection(SolutionConfigurationPlatforms) = preSolution
		Debug|Any CPU = Debug|Any CPU
		Release|Any CPU = Release|Any CPU
	EndGlobalSection
	GlobalSection(SolutionProperties) = preSolution
		HideSolutionNode = FALSE
	EndGlobalSection
	GlobalSection(ProjectConfigurationPlatforms) = postSolution
		{C03A5832-A7F2-4FF9-AA9D-9F8F8693CC1C}.Debug|Any CPU.ActiveCfg = Debug|Any CPU
		{C03A5832-A7F2-4FF9-AA9D-9F8F8693CC1C}.Debug|Any CPU.Build.0 = Debug|Any CPU
		{C03A5832-A7F2-4FF9-AA9D-9F8F8693CC1C}.Release|Any CPU.ActiveCfg = Release|Any CPU
		{C03A5832-A7F2-4FF9-AA9D-9F8F8693CC1C}.Release|Any CPU.Build.0 = Release|Any CPU
		{3155E195-16AD-4F69-BB04-5939A3741CD2}.Debug|Any CPU.ActiveCfg = Debug|Any CPU
		{3155E195-16AD-4F69-BB04-5939A3741CD2}.Debug|Any CPU.Build.0 = Debug|Any CPU
		{3155E195-16AD-4F69-BB04-5939A3741CD2}.Release|Any CPU.ActiveCfg = Release|Any CPU
		{3155E195-16AD-4F69-BB04-5939A3741CD2}.Release|Any CPU.Build.0 = Release|Any CPU
		{F84CE83E-22B9-4612-AE0D-A6EDB923B82F}.Debug|Any CPU.ActiveCfg = Debug|Any CPU
		{F84CE83E-22B9-4612-AE0D-A6EDB923B82F}.Debug|Any CPU.Build.0 = Debug|Any CPU
		{F84CE83E-22B9-4612-AE0D-A6EDB923B82F}.Release|Any CPU.ActiveCfg = Release|Any CPU
		{F84CE83E-22B9-4612-AE0D-A6EDB923B82F}.Release|Any CPU.Build.0 = Release|Any CPU
	EndGlobalSection
	GlobalSection(NestedProjects) = preSolution
		{C03A5832-A7F2-4FF9-AA9D-9F8F8693CC1C} = {A721C222-ABBE-4E21-BAB9-EC07D8258461}
		{3155E195-16AD-4F69-BB04-5939A3741CD2} = {A721C222-ABBE-4E21-BAB9-EC07D8258461}
		{F84CE83E-22B9-4612-AE0D-A6EDB923B82F} = {A721C222-ABBE-4E21-BAB9-EC07D8258461}
	EndGlobalSection
EndGlobal
